
Microsoft Visual Studio Solution File, Format Version 12.00
# Visual Studio Version 17
VisualStudioVersion = 17.10.35027.167
MinimumVisualStudioVersion = 10.0.40219.1
Project("{9A19103F-16F7-4668-BE54-9A1E7A4F7556}") = "WVTracker", "WVTracker.csproj", "{5D2C982D-EF2B-4BEE-B138-269F1C407054}"
EndProject
Project("{9A19103F-16F7-4668-BE54-9A1E7A4F7556}") = "WVTrackerLibrary", "..\WVTrackerLibrary\WVTrackerLibrary.csproj", "{15D8C800-4F59-4815-B3F8-1F8E22D014B2}"
EndProject
Global
	GlobalSection(SolutionConfigurationPlatforms) = preSolution
		Debug|Any CPU = Debug|Any CPU
		Release|Any CPU = Release|Any CPU
	EndGlobalSection
	GlobalSection(ProjectConfigurationPlatforms) = postSolution
		{5D2C982D-EF2B-4BEE-B138-269F1C407054}.Debug|Any CPU.ActiveCfg = Debug|Any CPU
		{5D2C982D-EF2B-4BEE-B138-269F1C407054}.Debug|Any CPU.Build.0 = Debug|Any CPU
		{5D2C982D-EF2B-4BEE-B138-269F1C407054}.Release|Any CPU.ActiveCfg = Release|Any CPU
		{5D2C982D-EF2B-4BEE-B138-269F1C407054}.Release|Any CPU.Build.0 = Release|Any CPU
		{15D8C800-4F59-4815-B3F8-1F8E22D014B2}.Debug|Any CPU.ActiveCfg = Debug|Any CPU
		{15D8C800-4F59-4815-B3F8-1F8E22D014B2}.Debug|Any CPU.Build.0 = Debug|Any CPU
		{15D8C800-4F59-4815-B3F8-1F8E22D014B2}.Release|Any CPU.ActiveCfg = Release|Any CPU
		{15D8C800-4F59-4815-B3F8-1F8E22D014B2}.Release|Any CPU.Build.0 = Release|Any CPU
	EndGlobalSection
	GlobalSection(SolutionProperties) = preSolution
		HideSolutionNode = FALSE
	EndGlobalSection
	GlobalSection(ExtensibilityGlobals) = postSolution
		SolutionGuid = {99FB8E39-9CD7-404C-9F0B-7557C5ACFCA5}
	EndGlobalSection
EndGlobal
